{
  "name": "glad-vendors",
  "version": "1.0.0",
  "lockfileVersion": 3,
  "requires": true,
  "packages": {
    "": {
      "name": "glad-vendors",
      "version": "1.0.0",
      "hasInstallScript": true,
      "dependencies": {
        "@wernfried/daterangepicker": "5.3.7",
        "apexcharts": "5.10.6",
        "bootstrap": "5.3.6",
        "bootstrap-icons": "1.11.0",
        "leaflet": "1.9.4",
        "luxon": "3.7.2",
        "multi-select-dropdown-js": "^1.0.3",
        "simple-datatables": "^10.2.0",
        "tom-select": "2.6.0"
      },
      "devDependencies": {
        "vendor-copy": "3.0.1"
      }
    },
    "node_modules/@orchidjs/sifter": {
      "version": "1.1.0",
      "resolved": "https://registry.npmjs.org/@orchidjs/sifter/-/sifter-1.1.0.tgz",
      "integrity": "sha512-mYwHCfr736cIWWdhhSZvDbf90AKt2xyrJspKFC3qyIJG1LtrJeJunYEqCGG4Aq2ijENbc4WkOjszcvNaIAS/pQ==",
      "license": "Apache-2.0",
      "dependencies": {
        "@orchidjs/unicode-variants": "^1.1.2"
      }
    },
    "node_modules/@orchidjs/unicode-variants": {
      "version": "1.1.2",
      "resolved": "https://registry.npmjs.org/@orchidjs/unicode-variants/-/unicode-variants-1.1.2.tgz",
      "integrity": "sha512-5DobW1CHgnBROOEpFlEXytED5OosEWESFvg/VYmH0143oXcijYTprRYJTs+55HzGM4IqxiLFSuqEzu9mPNwVsA==",
      "license": "Apache-2.0"
    },
    "node_modules/@popperjs/core": {
      "version": "2.11.8",
      "resolved": "https://registry.npmjs.org/@popperjs/core/-/core-2.11.8.tgz",
      "integrity": "sha512-P1st0aksCrn9sGZhp8GMYwBnQsbvAWsZAX44oXNNvLHGqAOcoVxmjZiohstwQ7SqKnbR47akdNi+uleWD8+g6A==",
      "license": "MIT",
      "peer": true,
      "funding": {
        "type": "opencollective",
        "url": "https://opencollective.com/popperjs"
      }
    },
    "node_modules/@wernfried/daterangepicker": {
      "version": "5.3.7",
      "resolved": "https://registry.npmjs.org/@wernfried/daterangepicker/-/daterangepicker-5.3.7.tgz",
      "integrity": "sha512-4rDG5XXf+68ulMw/4ok/x1ATYyIfdMmG8VxvDI29/r9NDIC2aZIIfTxpaSNlqCCWzunZ1b9/yZ4rJu6dEsFrzQ==",
      "license": "MIT",
      "dependencies": {
        "luxon": "^3.7.2"
      }
    },
    "node_modules/apexcharts": {
      "version": "5.10.6",
      "resolved": "https://registry.npmjs.org/apexcharts/-/apexcharts-5.10.6.tgz",
      "integrity": "sha512-FJQGbso3iRuOwUYnj0yUhkWeKeJE6aboVol+ae09lsc+lbLMWZqSRbrAWVa/qishLiaeG2icxdvmVkm+9n6kOQ==",
      "license": "SEE LICENSE IN LICENSE"
    },
    "node_modules/bootstrap": {
      "version": "5.3.6",
      "resolved": "https://registry.npmjs.org/bootstrap/-/bootstrap-5.3.6.tgz",
      "integrity": "sha512-jX0GAcRzvdwISuvArXn3m7KZscWWFAf1MKBcnzaN02qWMb3jpMoUX4/qgeiGzqyIb4ojulRzs89UCUmGcFSzTA==",
      "funding": [
        {
          "type": "github",
          "url": "https://github.com/sponsors/twbs"
        },
        {
          "type": "opencollective",
          "url": "https://opencollective.com/bootstrap"
        }
      ],
      "license": "MIT",
      "peerDependencies": {
        "@popperjs/core": "^2.11.8"
      }
    },
    "node_modules/bootstrap-icons": {
      "version": "1.11.0",
      "resolved": "https://registry.npmjs.org/bootstrap-icons/-/bootstrap-icons-1.11.0.tgz",
      "integrity": "sha512-bLTbtACfUqwZf6f/xUYUb7bTRZC68QaQwwy9h1b96NPKfnwqzSatHqDypW6R2CBW7zUE7lP+O93GdZuPY3RIHA==",
      "funding": [
        {
          "type": "github",
          "url": "https://github.com/sponsors/twbs"
        },
        {
          "type": "opencollective",
          "url": "https://opencollective.com/bootstrap"
        }
      ],
      "license": "MIT"
    },
    "node_modules/dayjs": {
      "version": "1.11.20",
      "resolved": "https://registry.npmjs.org/dayjs/-/dayjs-1.11.20.tgz",
      "integrity": "sha512-YbwwqR/uYpeoP4pu043q+LTDLFBLApUP6VxRihdfNTqu4ubqMlGDLd6ErXhEgsyvY0K6nCs7nggYumAN+9uEuQ==",
      "license": "MIT"
    },
    "node_modules/diff-dom": {
      "version": "5.2.1",
      "resolved": "https://registry.npmjs.org/diff-dom/-/diff-dom-5.2.1.tgz",
      "integrity": "sha512-G6WquwIa/XOxiYDYRMxfJj+c+a6LXMv7zgXoAQ3eRjTYkc8Lc4Aq97krTu/B15r243FR7dyeSxDenzKtO6sbfA==",
      "license": "LGPL-3.0"
    },
    "node_modules/leaflet": {
      "version": "1.9.4",
      "resolved": "https://registry.npmjs.org/leaflet/-/leaflet-1.9.4.tgz",
      "integrity": "sha512-nxS1ynzJOmOlHp+iL3FyWqK89GtNL8U8rvlMOsQdTTssxZwCXh8N2NB3GDQOL+YR3XnWyZAxwQixURb+FA74PA==",
      "license": "BSD-2-Clause"
    },
    "node_modules/luxon": {
      "version": "3.7.2",
      "resolved": "https://registry.npmjs.org/luxon/-/luxon-3.7.2.tgz",
      "integrity": "sha512-vtEhXh/gNjI9Yg1u4jX/0YVPMvxzHuGgCm6tC5kZyb08yjGWGnqAjGJvcXbqQR2P3MyMEFnRbpcdFS6PBcLqew==",
      "license": "MIT",
      "engines": {
        "node": ">=12"
      }
    },
    "node_modules/multi-select-dropdown-js": {
      "version": "1.0.3",
      "resolved": "https://registry.npmjs.org/multi-select-dropdown-js/-/multi-select-dropdown-js-1.0.3.tgz",
      "integrity": "sha512-9eX3CAtjzSwvFiwmay6+xCbnmCGlG+F/HbhvFyu5LTXc1sMWpbRqPhjzd6XUsTefn+iMFfrgS5I6MdFwfxQtIQ==",
      "license": "MIT"
    },
    "node_modules/ncp": {
      "version": "2.0.0",
      "resolved": "https://registry.npmjs.org/ncp/-/ncp-2.0.0.tgz",
      "integrity": "sha512-zIdGUrPRFTUELUvr3Gmc7KZ2Sw/h1PiVM0Af/oHB6zgnV1ikqSfRk+TOufi79aHYCW3NiOXmr1BP5nWbzojLaA==",
      "dev": true,
      "license": "MIT",
      "bin": {
        "ncp": "bin/ncp"
      }
    },
    "node_modules/simple-datatables": {
      "version": "10.2.0",
      "resolved": "https://registry.npmjs.org/simple-datatables/-/simple-datatables-10.2.0.tgz",
      "integrity": "sha512-Lq3k5JZ4WXT0G0dhIAUfYc3M+GRs9y8U15wfbF7i67/rPm8wa43Iyrac+yP+lXQVTy1MPCPvxvZ44P9N4k0OhQ==",
      "license": "LGPL-3.0",
      "dependencies": {
        "dayjs": "^1.11.10",
        "diff-dom": "5.2.1"
      }
    },
    "node_modules/tom-select": {
      "version": "2.6.0",
      "resolved": "https://registry.npmjs.org/tom-select/-/tom-select-2.6.0.tgz",
      "integrity": "sha512-o2ToBjhUAnrrQvW/hrY9c//TpOpAKYSlfuFnf0DIwNy+ua+mmYnsF4PxN/PpzBfUIfEFkNYAngeGBfOAZWF3tw==",
      "license": "Apache-2.0",
      "dependencies": {
        "@orchidjs/sifter": "^1.1.0",
        "@orchidjs/unicode-variants": "^1.1.2"
      },
      "engines": {
        "node": "*"
      },
      "funding": {
        "type": "opencollective",
        "url": "https://opencollective.com/tom-select"
      }
    },
    "node_modules/vendor-copy": {
      "version": "3.0.1",
      "resolved": "https://registry.npmjs.org/vendor-copy/-/vendor-copy-3.0.1.tgz",
      "integrity": "sha512-XjQ707tDNDVR9HBH2XoDffBB6em2QmWmD52uh8mt+KbFjv94DjDtz/Sh9lXSEWU1POg/fWXnjswe8hW5fqgL+w==",
      "dev": true,
      "license": "MIT",
      "dependencies": {
        "ncp": "^2.0.0"
      },
      "bin": {
        "vendor-copy": "cli.js"
      },
      "engines": {
        "node": ">=12"
      }
    }
  }
}
